{
  "name": "playwright-learning",
  "version": "1.0.0",
  "lockfileVersion": 2,
  "requires": true,
  "packages": {
    "": {
      "name": "playwright-learning",
      "version": "1.0.0",
      "license": "ISC",
      "dependencies": {
        "@playwright/test": "^1.23.3",
        "prettier": "^2.7.1"
      }
    },
    "node_modules/@playwright/test": {
      "version": "1.23.3",
      "resolved": "https://registry.npmjs.org/@playwright/test/-/test-1.23.3.tgz",
      "integrity": "sha512-kR4vo2UGHC84DGqE6EwvAeaehj3xCAK6LoC1P1eu6ZGdC79rlqRKf8cFDx6q6c9T8MQSL1O9eOlup0BpwqNF0w==",
      "dependencies": {
        "@types/node": "*",
        "playwright-core": "1.23.3"
      },
      "bin": {
        "playwright": "cli.js"
      },
      "engines": {
        "node": ">=14"
      }
    },
    "node_modules/@types/node": {
      "version": "18.0.4",
      "resolved": "https://registry.npmjs.org/@types/node/-/node-18.0.4.tgz",
      "integrity": "sha512-M0+G6V0Y4YV8cqzHssZpaNCqvYwlCiulmm0PwpNLF55r/+cT8Ol42CHRU1SEaYFH2rTwiiE1aYg/2g2rrtGdPA=="
    },
    "node_modules/playwright-core": {
      "version": "1.23.3",
      "resolved": "https://registry.npmjs.org/playwright-core/-/playwright-core-1.23.3.tgz",
      "integrity": "sha512-x35yzsXDyo0BIXYimLnUFNyb42c//NadUNH6IPGOteZm96oTGA1kn4Hq6qJTI1/f9wEc1F9O1DsznXIgXMil7A==",
      "bin": {
        "playwright": "cli.js"
      },
      "engines": {
        "node": ">=14"
      }
    },
    "node_modules/prettier": {
      "version": "2.7.1",
      "resolved": "https://registry.npmjs.org/prettier/-/prettier-2.7.1.tgz",
      "integrity": "sha512-ujppO+MkdPqoVINuDFDRLClm7D78qbDt0/NR+wp5FqEZOoTNAjPHWj17QRhu7geIHJfcNhRk1XVQmF8Bp3ye+g==",
      "bin": {
        "prettier": "bin-prettier.js"
      },
      "engines": {
        "node": ">=10.13.0"
      },
      "funding": {
        "url": "https://github.com/prettier/prettier?sponsor=1"
      }
    }
  },
  "dependencies": {
    "@playwright/test": {
      "version": "1.23.3",
      "resolved": "https://registry.npmjs.org/@playwright/test/-/test-1.23.3.tgz",
      "integrity": "sha512-kR4vo2UGHC84DGqE6EwvAeaehj3xCAK6LoC1P1eu6ZGdC79rlqRKf8cFDx6q6c9T8MQSL1O9eOlup0BpwqNF0w==",
      "requires": {
        "@types/node": "*",
        "playwright-core": "1.23.3"
      }
    },
    "@types/node": {
      "version": "18.0.4",
      "resolved": "https://registry.npmjs.org/@types/node/-/node-18.0.4.tgz",
      "integrity": "sha512-M0+G6V0Y4YV8cqzHssZpaNCqvYwlCiulmm0PwpNLF55r/+cT8Ol42CHRU1SEaYFH2rTwiiE1aYg/2g2rrtGdPA=="
    },
    "playwright-core": {
      "version": "1.23.3",
      "resolved": "https://registry.npmjs.org/playwright-core/-/playwright-core-1.23.3.tgz",
      "integrity": "sha512-x35yzsXDyo0BIXYimLnUFNyb42c//NadUNH6IPGOteZm96oTGA1kn4Hq6qJTI1/f9wEc1F9O1DsznXIgXMil7A=="
    },
    "prettier": {
      "version": "2.7.1",
      "resolved": "https://registry.npmjs.org/prettier/-/prettier-2.7.1.tgz",
      "integrity": "sha512-ujppO+MkdPqoVINuDFDRLClm7D78qbDt0/NR+wp5FqEZOoTNAjPHWj17QRhu7geIHJfcNhRk1XVQmF8Bp3ye+g=="
    }
  }
}
